// !$*UTF8*$!
{
	archiveVersion = 1;
	classes = {
	};
	objectVersion = 46;
	objects = {

/* Begin PBXBuildFile section */
		C22893141B57A121000B1ECA /* main.m in Sources */ = {isa = PBXBuildFile; fileRef = C22893131B57A121000B1ECA /* main.m */; };
		C22893171B57A121000B1ECA /* AppDelegate.m in Sources */ = {isa = PBXBuildFile; fileRef = C22893161B57A121000B1ECA /* AppDelegate.m */; };
		C228931A1B57A121000B1ECA /* ViewController.m in Sources */ = {isa = PBXBuildFile; fileRef = C22893191B57A121000B1ECA /* ViewController.m */; };
		C228931D1B57A121000B1ECA /* Main.storyboard in Resources */ = {isa = PBXBuildFile; fileRef = C228931B1B57A121000B1ECA /* Main.storyboard */; };
		C228931F1B57A121000B1ECA /* Images.xcassets in Resources */ = {isa = PBXBuildFile; fileRef = C228931E1B57A121000B1ECA /* Images.xcassets */; };
		C22893221B57A121000B1ECA /* LaunchScreen.xib in Resources */ = {isa = PBXBuildFile; fileRef = C22893201B57A121000B1ECA /* LaunchScreen.xib */; };
		C228932E1B57A122000B1ECA /* QXSeperatePageViewControllerTests.m in Sources */ = {isa = PBXBuildFile; fileRef = C228932D1B57A122000B1ECA /* QXSeperatePageViewControllerTests.m */; };
		C228933E1B57A2A2000B1ECA /* QXSeperatePageHeadSelectedView.m in Sources */ = {isa = PBXBuildFile; fileRef = C228933D1B57A2A2000B1ECA /* QXSeperatePageHeadSelectedView.m */; };
		C22893401B57A2E5000B1ECA /* ReadMe.m in Sources */ = {isa = PBXBuildFile; fileRef = C228933F1B57A2E5000B1ECA /* ReadMe.m */; };
		C22893431B57B840000B1ECA /* QXSeperatePageViewController.m in Sources */ = {isa = PBXBuildFile; fileRef = C22893421B57B840000B1ECA /* QXSeperatePageViewController.m */; };
		C22893461B57C3CE000B1ECA /* QXSeperatePageChildViewController.m in Sources */ = {isa = PBXBuildFile; fileRef = C22893451B57C3CE000B1ECA /* QXSeperatePageChildViewController.m */; };
/* End PBXBuildFile section */

/* Begin PBXContainerItemProxy section */
		C22893281B57A122000B1ECA /* PBXContainerItemProxy */ = {
			isa = PBXContainerItemProxy;
			containerPortal = C22893061B57A121000B1ECA /* Project object */;
			proxyType = 1;
			remoteGlobalIDString = C228930D1B57A121000B1ECA;
			remoteInfo = QXSeperatePageViewController;
		};
/* End PBXContainerItemProxy section */

/* Begin PBXFileReference section */
		C228930E1B57A121000B1ECA /* QXSeperatePageViewController.app */ = {isa = PBXFileReference; explicitFileType = wrapper.application; includeInIndex = 0; path = QXSeperatePageViewController.app; sourceTree = BUILT_PRODUCTS_DIR; };
		C22893121B57A121000B1ECA /* Info.plist */ = {isa = PBXFileReference; lastKnownFileType = text.plist.xml; path = Info.plist; sourceTree = "<group>"; };
		C22893131B57A121000B1ECA /* main.m */ = {isa = PBXFileReference; lastKnownFileType = sourcecode.c.objc; path = main.m; sourceTree = "<group>"; };
		C22893151B57A121000B1ECA /* AppDelegate.h */ = {isa = PBXFileReference; lastKnownFileType = sourcecode.c.h; path = AppDelegate.h; sourceTree = "<group>"; };
		C22893161B57A121000B1ECA /* AppDelegate.m */ = {isa = PBXFileReference; lastKnownFileType = sourcecode.c.objc; path = AppDelegate.m; sourceTree = "<group>"; };
		C22893181B57A121000B1ECA /* ViewController.h */ = {isa = PBXFileReference; lastKnownFileType = sourcecode.c.h; path = ViewController.h; sourceTree = "<group>"; };
		C22893191B57A121000B1ECA /* ViewController.m */ = {isa = PBXFileReference; lastKnownFileType = sourcecode.c.objc; path = ViewController.m; sourceTree = "<group>"; };
		C228931C1B57A121000B1ECA /* Base */ = {isa = PBXFileReference; lastKnownFileType = file.storyboard; name = Base; path = Base.lproj/Main.storyboard; sourceTree = "<group>"; };
		C228931E1B57A121000B1ECA /* Images.xcassets */ = {isa = PBXFileReference; lastKnownFileType = folder.assetcatalog; path = Images.xcassets; sourceTree = "<group>"; };
		C22893211B57A121000B1ECA /* Base */ = {isa = PBXFileReference; lastKnownFileType = file.xib; name = Base; path = Base.lproj/LaunchScreen.xib; sourceTree = "<group>"; };
		C22893271B57A122000B1ECA /* QXSeperatePageViewControllerTests.xctest */ = {isa = PBXFileReference; explicitFileType = wrapper.cfbundle; includeInIndex = 0; path = QXSeperatePageViewControllerTests.xctest; sourceTree = BUILT_PRODUCTS_DIR; };
		C228932C1B57A122000B1ECA /* Info.plist */ = {isa = PBXFileReference; lastKnownFileType = text.plist.xml; path = Info.plist; sourceTree = "<group>"; };
		C228932D1B57A122000B1ECA /* QXSeperatePageViewControllerTests.m */ = {isa = PBXFileReference; lastKnownFileType = sourcecode.c.objc; path = QXSeperatePageViewControllerTests.m; sourceTree = "<group>"; };
		C228933C1B57A2A2000B1ECA /* QXSeperatePageHeadSelectedView.h */ = {isa = PBXFileReference; fileEncoding = 4; lastKnownFileType = sourcecode.c.h; path = QXSeperatePageHeadSelectedView.h; sourceTree = "<group>"; };
		C228933D1B57A2A2000B1ECA /* QXSeperatePageHeadSelectedView.m */ = {isa = PBXFileReference; fileEncoding = 4; lastKnownFileType = sourcecode.c.objc; path = QXSeperatePageHeadSelectedView.m; sourceTree = "<group>"; };
		C228933F1B57A2E5000B1ECA /* ReadMe.m */ = {isa = PBXFileReference; fileEncoding = 4; lastKnownFileType = sourcecode.c.objc; path = ReadMe.m; sourceTree = "<group>"; };
		C22893411B57B840000B1ECA /* QXSeperatePageViewController.h */ = {isa = PBXFileReference; fileEncoding = 4; lastKnownFileType = sourcecode.c.h; path = QXSeperatePageViewController.h; sourceTree = "<group>"; };
		C22893421B57B840000B1ECA /* QXSeperatePageViewController.m */ = {isa = PBXFileReference; fileEncoding = 4; lastKnownFileType = sourcecode.c.objc; path = QXSeperatePageViewController.m; sourceTree = "<group>"; };
		C22893441B57C3CE000B1ECA /* QXSeperatePageChildViewController.h */ = {isa = PBXFileReference; fileEncoding = 4; lastKnownFileType = sourcecode.c.h; path = QXSeperatePageChildViewController.h; sourceTree = "<group>"; };
		C22893451B57C3CE000B1ECA /* QXSeperatePageChildViewController.m */ = {isa = PBXFileReference; fileEncoding = 4; lastKnownFileType = sourcecode.c.objc; path = QXSeperatePageChildViewController.m; sourceTree = "<group>"; };
/* End PBXFileReference section */

/* Begin PBXFrameworksBuildPhase section */
		C228930B1B57A121000B1ECA /* Frameworks */ = {
			isa = PBXFrameworksBuildPhase;
			buildActionMask = 2147483647;
			files = (
			);
			runOnlyForDeploymentPostprocessing = 0;
		};
		C22893241B57A122000B1ECA /* Frameworks */ = {
			isa = PBXFrameworksBuildPhase;
			buildActionMask = 2147483647;
			files = (
			);
			runOnlyForDeploymentPostprocessing = 0;
		};
/* End PBXFrameworksBuildPhase section */

/* Begin PBXGroup section */
		C22893051B57A121000B1ECA = {
			isa = PBXGroup;
			children = (
				C22893101B57A121000B1ECA /* QXSeperatePageViewController */,
				C228932A1B57A122000B1ECA /* QXSeperatePageViewControllerTests */,
				C228930F1B57A121000B1ECA /* Products */,
			);
			sourceTree = "<group>";
		};
		C228930F1B57A121000B1ECA /* Products */ = {
			isa = PBXGroup;
			children = (
				C228930E1B57A121000B1ECA /* QXSeperatePageViewController.app */,
				C22893271B57A122000B1ECA /* QXSeperatePageViewControllerTests.xctest */,
			);
			name = Products;
			sourceTree = "<group>";
		};
		C22893101B57A121000B1ECA /* QXSeperatePageViewController */ = {
			isa = PBXGroup;
			children = (
				C22893371B57A1F5000B1ECA /* QXPageViewController */,
				C228931B1B57A121000B1ECA /* Main.storyboard */,
				C228931E1B57A121000B1ECA /* Images.xcassets */,
				C22893201B57A121000B1ECA /* LaunchScreen.xib */,
				C22893111B57A121000B1ECA /* Supporting Files */,
				C228933F1B57A2E5000B1ECA /* ReadMe.m */,
			);
			path = QXSeperatePageViewController;
			sourceTree = "<group>";
		};
		C22893111B57A121000B1ECA /* Supporting Files */ = {
			isa = PBXGroup;
			children = (
				C22893121B57A121000B1ECA /* Info.plist */,
				C22893131B57A121000B1ECA /* main.m */,
			);
			name = "Supporting Files";
			sourceTree = "<group>";
		};
		C228932A1B57A122000B1ECA /* QXSeperatePageViewControllerTests */ = {
			isa = PBXGroup;
			children = (
				C228932D1B57A122000B1ECA /* QXSeperatePageViewControllerTests.m */,
				C228932B1B57A122000B1ECA /* Supporting Files */,
			);
			path = QXSeperatePageViewControllerTests;
			sourceTree = "<group>";
		};
		C228932B1B57A122000B1ECA /* Supporting Files */ = {
			isa = PBXGroup;
			children = (
				C228932C1B57A122000B1ECA /* Info.plist */,
			);
			name = "Supporting Files";
			sourceTree = "<group>";
		};
		C22893371B57A1F5000B1ECA /* QXPageViewController */ = {
			isa = PBXGroup;
			children = (
				C228933B1B57A231000B1ECA /* Model */,
				C228933A1B57A22A000B1ECA /* View */,
				C22893391B57A214000B1ECA /* Controller */,
				C22893381B57A208000B1ECA /* Other */,
			);
			name = QXPageViewController;
			sourceTree = "<group>";
		};
		C22893381B57A208000B1ECA /* Other */ = {
			isa = PBXGroup;
			children = (
				C22893151B57A121000B1ECA /* AppDelegate.h */,
				C22893161B57A121000B1ECA /* AppDelegate.m */,
				C22893181B57A121000B1ECA /* ViewController.h */,
				C22893191B57A121000B1ECA /* ViewController.m */,
			);
			name = Other;
			sourceTree = "<group>";
		};
		C22893391B57A214000B1ECA /* Controller */ = {
			isa = PBXGroup;
			children = (
				C22893411B57B840000B1ECA /* QXSeperatePageViewController.h */,
				C22893421B57B840000B1ECA /* QXSeperatePageViewController.m */,
				C22893441B57C3CE000B1ECA /* QXSeperatePageChildViewController.h */,
				C22893451B57C3CE000B1ECA /* QXSeperatePageChildViewController.m */,
			);
			name = Controller;
			sourceTree = "<group>";
		};
		C228933A1B57A22A000B1ECA /* View */ = {
			isa = PBXGroup;
			children = (
				C228933C1B57A2A2000B1ECA /* QXSeperatePageHeadSelectedView.h */,
				C228933D1B57A2A2000B1ECA /* QXSeperatePageHeadSelectedView.m */,
			);
			name = View;
			sourceTree = "<group>";
		};
		C228933B1B57A231000B1ECA /* Model */ = {
			isa = PBXGroup;
			children = (
			);
			name = Model;
			sourceTree = "<group>";
		};
/* End PBXGroup section */

/* Begin PBXNativeTarget section */
		C228930D1B57A121000B1ECA /* QXSeperatePageViewController */ = {
			isa = PBXNativeTarget;
			buildConfigurationList = C22893311B57A122000B1ECA /* Build configuration list for PBXNativeTarget "QXSeperatePageViewController" */;
			buildPhases = (
				C228930A1B57A121000B1ECA /* Sources */,
				C228930B1B57A121000B1ECA /* Frameworks */,
				C228930C1B57A121000B1ECA /* Resources */,
			);
			buildRules = (
			);
			dependencies = (
			);
			name = QXSeperatePageViewController;
			productName = QXSeperatePageViewController;
			productReference = C228930E1B57A121000B1ECA /* QXSeperatePageViewController.app */;
			productType = "com.apple.product-type.application";
		};
		C22893261B57A122000B1ECA /* QXSeperatePageViewControllerTests */ = {
			isa = PBXNativeTarget;
			buildConfigurationList = C22893341B57A122000B1ECA /* Build configuration list for PBXNativeTarget "QXSeperatePageViewControllerTests" */;
			buildPhases = (
				C22893231B57A122000B1ECA /* Sources */,
				C22893241B57A122000B1ECA /* Frameworks */,
				C22893251B57A122000B1ECA /* Resources */,
			);
			buildRules = (
			);
			dependencies = (
				C22893291B57A122000B1ECA /* PBXTargetDependency */,
			);
			name = QXSeperatePageViewControllerTests;
			productName = QXSeperatePageViewControllerTests;
			productReference = C22893271B57A122000B1ECA /* QXSeperatePageViewControllerTests.xctest */;
			productType = "com.apple.product-type.bundle.unit-test";
		};
/* End PBXNativeTarget section */

/* Begin PBXProject section */
		C22893061B57A121000B1ECA /* Project object */ = {
			isa = PBXProject;
			attributes = {
				LastUpgradeCheck = 0640;
				ORGANIZATIONNAME = "崇庆旭";
				TargetAttributes = {
					C228930D1B57A121000B1ECA = {
						CreatedOnToolsVersion = 6.4;
					};
					C22893261B57A122000B1ECA = {
						CreatedOnToolsVersion = 6.4;
						TestTargetID = C228930D1B57A121000B1ECA;
					};
				};
			};
			buildConfigurationList = C22893091B57A121000B1ECA /* Build configuration list for PBXProject "QXSeperatePageViewController" */;
			compatibilityVersion = "Xcode 3.2";
			developmentRegion = English;
			hasScannedForEncodings = 0;
			knownRegions = (
				en,
				Base,
			);
			mainGroup = C22893051B57A121000B1ECA;
			productRefGroup = C228930F1B57A121000B1ECA /* Products */;
			projectDirPath = "";
			projectRoot = "";
			targets = (
				C228930D1B57A121000B1ECA /* QXSeperatePageViewController */,
				C22893261B57A122000B1ECA /* QXSeperatePageViewControllerTests */,
			);
		};
/* End PBXProject section */

/* Begin PBXResourcesBuildPhase section */
		C228930C1B57A121000B1ECA /* Resources */ = {
			isa = PBXResourcesBuildPhase;
			buildActionMask = 2147483647;
			files = (
				C228931D1B57A121000B1ECA /* Main.storyboard in Resources */,
				C22893221B57A121000B1ECA /* LaunchScreen.xib in Resources */,
				C228931F1B57A121000B1ECA /* Images.xcassets in Resources */,
			);
			runOnlyForDeploymentPostprocessing = 0;
		};
		C22893251B57A122000B1ECA /* Resources */ = {
			isa = PBXResourcesBuildPhase;
			buildActionMask = 2147483647;
			files = (
			);
			runOnlyForDeploymentPostprocessing = 0;
		};
/* End PBXResourcesBuildPhase section */

/* Begin PBXSourcesBuildPhase section */
		C228930A1B57A121000B1ECA /* Sources */ = {
			isa = PBXSourcesBuildPhase;
			buildActionMask = 2147483647;
			files = (
				C228933E1B57A2A2000B1ECA /* QXSeperatePageHeadSelectedView.m in Sources */,
				C22893401B57A2E5000B1ECA /* ReadMe.m in Sources */,
				C22893461B57C3CE000B1ECA /* QXSeperatePageChildViewController.m in Sources */,
				C228931A1B57A121000B1ECA /* ViewController.m in Sources */,
				C22893431B57B840000B1ECA /* QXSeperatePageViewController.m in Sources */,
				C22893171B57A121000B1ECA /* AppDelegate.m in Sources */,
				C22893141B57A121000B1ECA /* main.m in Sources */,
			);
			runOnlyForDeploymentPostprocessing = 0;
		};
		C22893231B57A122000B1ECA /* Sources */ = {
			isa = PBXSourcesBuildPhase;
			buildActionMask = 2147483647;
			files = (
				C228932E1B57A122000B1ECA /* QXSeperatePageViewControllerTests.m in Sources */,
			);
			runOnlyForDeploymentPostprocessing = 0;
		};
/* End PBXSourcesBuildPhase section */

/* Begin PBXTargetDependency section */
		C22893291B57A122000B1ECA /* PBXTargetDependency */ = {
			isa = PBXTargetDependency;
			target = C228930D1B57A121000B1ECA /* QXSeperatePageViewController */;
			targetProxy = C22893281B57A122000B1ECA /* PBXContainerItemProxy */;
		};
/* End PBXTargetDependency section */

/* Begin PBXVariantGroup section */
		C228931B1B57A121000B1ECA /* Main.storyboard */ = {
			isa = PBXVariantGroup;
			children = (
				C228931C1B57A121000B1ECA /* Base */,
			);
			name = Main.storyboard;
			sourceTree = "<group>";
		};
		C22893201B57A121000B1ECA /* LaunchScreen.xib */ = {
			isa = PBXVariantGroup;
			children = (
				C22893211B57A121000B1ECA /* Base */,
			);
			name = LaunchScreen.xib;
			sourceTree = "<group>";
		};
/* End PBXVariantGroup section */

/* Begin XCBuildConfiguration section */
		C228932F1B57A122000B1ECA /* Debug */ = {
			isa = XCBuildConfiguration;
			buildSettings = {
				ALWAYS_SEARCH_USER_PATHS = NO;
				CLANG_CXX_LANGUAGE_STANDARD = "gnu++0x";
				CLANG_CXX_LIBRARY = "libc++";
				CLANG_ENABLE_MODULES = YES;
				CLANG_ENABLE_OBJC_ARC = YES;
				CLANG_WARN_BOOL_CONVERSION = YES;
				CLANG_WARN_CONSTANT_CONVERSION = YES;
				CLANG_WARN_DIRECT_OBJC_ISA_USAGE = YES_ERROR;
				CLANG_WARN_EMPTY_BODY = YES;
				CLANG_WARN_ENUM_CONVERSION = YES;
				CLANG_WARN_INT_CONVERSION = YES;
				CLANG_WARN_OBJC_ROOT_CLASS = YES_ERROR;
				CLANG_WARN_UNREACHABLE_CODE = YES;
				CLANG_WARN__DUPLICATE_METHOD_MATCH = YES;
				"CODE_SIGN_IDENTITY[sdk=iphoneos*]" = "iPhone Developer";
				COPY_PHASE_STRIP = NO;
				DEBUG_INFORMATION_FORMAT = "dwarf-with-dsym";
				ENABLE_STRICT_OBJC_MSGSEND = YES;
				GCC_C_LANGUAGE_STANDARD = gnu99;
				GCC_DYNAMIC_NO_PIC = NO;
				GCC_NO_COMMON_BLOCKS = YES;
				GCC_OPTIMIZATION_LEVEL = 0;
				GCC_PREPROCESSOR_DEFINITIONS = (
					"DEBUG=1",
					"$(inherited)",
				);
				GCC_SYMBOLS_PRIVATE_EXTERN = NO;
				GCC_WARN_64_TO_32_BIT_CONVERSION = YES;
				GCC_WARN_ABOUT_RETURN_TYPE = YES_ERROR;
				GCC_WARN_UNDECLARED_SELECTOR = YES;
				GCC_WARN_UNINITIALIZED_AUTOS = YES_AGGRESSIVE;
				GCC_WARN_UNUSED_FUNCTION = YES;
				GCC_WARN_UNUSED_VARIABLE = YES;
				IPHONEOS_DEPLOYMENT_TARGET = 8.4;
				MTL_ENABLE_DEBUG_INFO = YES;
				ONLY_ACTIVE_ARCH = YES;
				SDKROOT = iphoneos;
			};
			name = Debug;
		};
		C22893301B57A122000B1ECA /* Release */ = {
			isa = XCBuildConfiguration;
			buildSettings = {
				ALWAYS_SEARCH_USER_PATHS = NO;
				CLANG_CXX_LANGUAGE_STANDARD = "gnu++0x";
				CLANG_CXX_LIBRARY = "libc++";
				CLANG_ENABLE_MODULES = YES;
				CLANG_ENABLE_OBJC_ARC = YES;
				CLANG_WARN_BOOL_CONVERSION = YES;
				CLANG_WARN_CONSTANT_CONVERSION = YES;
				CLANG_WARN_DIRECT_OBJC_ISA_USAGE = YES_ERROR;
				CLANG_WARN_EMPTY_BODY = YES;
				CLANG_WARN_ENUM_CONVERSION = YES;
				CLANG_WARN_INT_CONVERSION = YES;
				CLANG_WARN_OBJC_ROOT_CLASS = YES_ERROR;
				CLANG_WARN_UNREACHABLE_CODE = YES;
				CLANG_WARN__DUPLICATE_METHOD_MATCH = YES;
				"CODE_SIGN_IDENTITY[sdk=iphoneos*]" = "iPhone Developer";
				COPY_PHASE_STRIP = NO;
				DEBUG_INFORMATION_FORMAT = "dwarf-with-dsym";
				ENABLE_NS_ASSERTIONS = NO;
				ENABLE_STRICT_OBJC_MSGSEND = YES;
				GCC_C_LANGUAGE_STANDARD = gnu99;
				GCC_NO_COMMON_BLOCKS = YES;
				GCC_WARN_64_TO_32_BIT_CONVERSION = YES;
				GCC_WARN_ABOUT_RETURN_TYPE = YES_ERROR;
				GCC_WARN_UNDECLARED_SELECTOR = YES;
				GCC_WARN_UNINITIALIZED_AUTOS = YES_AGGRESSIVE;
				GCC_WARN_UNUSED_FUNCTION = YES;
				GCC_WARN_UNUSED_VARIABLE = YES;
				IPHONEOS_DEPLOYMENT_TARGET = 8.4;
				MTL_ENABLE_DEBUG_INFO = NO;
				SDKROOT = iphoneos;
				VALIDATE_PRODUCT = YES;
			};
			name = Release;
		};
		C22893321B57A122000B1ECA /* Debug */ = {
			isa = XCBuildConfiguration;
			buildSettings = {
				ASSETCATALOG_COMPILER_APPICON_NAME = AppIcon;
				INFOPLIST_FILE = QXSeperatePageViewController/Info.plist;
				LD_RUNPATH_SEARCH_PATHS = "$(inherited) @executable_path/Frameworks";
				PRODUCT_NAME = "$(TARGET_NAME)";
			};
			name = Debug;
		};
		C22893331B57A122000B1ECA /* Release */ = {
			isa = XCBuildConfiguration;
			buildSettings = {
				ASSETCATALOG_COMPILER_APPICON_NAME = AppIcon;
				INFOPLIST_FILE = QXSeperatePageViewController/Info.plist;
				LD_RUNPATH_SEARCH_PATHS = "$(inherited) @executable_path/Frameworks";
				PRODUCT_NAME = "$(TARGET_NAME)";
			};
			name = Release;
		};
		C22893351B57A122000B1ECA /* Debug */ = {
			isa = XCBuildConfiguration;
			buildSettings = {
				BUNDLE_LOADER = "$(TEST_HOST)";
				FRAMEWORK_SEARCH_PATHS = (
					"$(SDKROOT)/Developer/Library/Frameworks",
					"$(inherited)",
				);
				GCC_PREPROCESSOR_DEFINITIONS = (
					"DEBUG=1",
					"$(inherited)",
				);
				INFOPLIST_FILE = QXSeperatePageViewControllerTests/Info.plist;
				LD_RUNPATH_SEARCH_PATHS = "$(inherited) @executable_path/Frameworks @loader_path/Frameworks";
				PRODUCT_NAME = "$(TARGET_NAME)";
				TEST_HOST = "$(BUILT_PRODUCTS_DIR)/QXSeperatePageViewController.app/QXSeperatePageViewController";
			};
			name = Debug;
		};
		C22893361B57A122000B1ECA /* Release */ = {
			isa = XCBuildConfiguration;
			buildSettings = {
				BUNDLE_LOADER = "$(TEST_HOST)";
				FRAMEWORK_SEARCH_PATHS = (
					"$(SDKROOT)/Developer/Library/Frameworks",
					"$(inherited)",
				);
				INFOPLIST_FILE = QXSeperatePageViewControllerTests/Info.plist;
				LD_RUNPATH_SEARCH_PATHS = "$(inherited) @executable_path/Frameworks @loader_path/Frameworks";
				PRODUCT_NAME = "$(TARGET_NAME)";
				TEST_HOST = "$(BUILT_PRODUCTS_DIR)/QXSeperatePageViewController.app/QXSeperatePageViewController";
			};
			name = Release;
		};
/* End XCBuildConfiguration section */

/* Begin XCConfigurationList section */
		C22893091B57A121000B1ECA /* Build configuration list for PBXProject "QXSeperatePageViewController" */ = {
			isa = XCConfigurationList;
			buildConfigurations = (
				C228932F1B57A122000B1ECA /* Debug */,
				C22893301B57A122000B1ECA /* Release */,
			);
			defaultConfigurationIsVisible = 0;
			defaultConfigurationName = Release;
		};
		C22893311B57A122000B1ECA /* Build configuration list for PBXNativeTarget "QXSeperatePageViewController" */ = {
			isa = XCConfigurationList;
			buildConfigurations = (
				C22893321B57A122000B1ECA /* Debug */,
				C22893331B57A122000B1ECA /* Release */,
			);
			defaultConfigurationIsVisible = 0;
		};
		C22893341B57A122000B1ECA /* Build configuration list for PBXNativeTarget "QXSeperatePageViewControllerTests" */ = {
			isa = XCConfigurationList;
			buildConfigurations = (
				C22893351B57A122000B1ECA /* Debug */,
				C22893361B57A122000B1ECA /* Release */,
			);
			defaultConfigurationIsVisible = 0;
		};
/* End XCConfigurationList section */
	};
	rootObject = C22893061B57A121000B1ECA /* Project object */;
}
